// !$*UTF8*$!
{
	archiveVersion = 1;
	classes = {
	};
	objectVersion = 55;
	objects = {

/* Begin PBXBuildFile section */
		50021E7228316630007139BE /* KeyboardButtonViewModel.swift in Sources */ = {isa = PBXBuildFile; fileRef = 50021E7128316630007139BE /* KeyboardButtonViewModel.swift */; };
		500B611F283A510B003F92EC /* KeyboardRowLayoutModel.swift in Sources */ = {isa = PBXBuildFile; fileRef = 500B611E283A510B003F92EC /* KeyboardRowLayoutModel.swift */; };
		500B6122283A5216003F92EC /* Glyph.swift in Sources */ = {isa = PBXBuildFile; fileRef = 500B6121283A5216003F92EC /* Glyph.swift */; };
		500B6124283A52C6003F92EC /* KeyboardBuilderProtocols.swift in Sources */ = {isa = PBXBuildFile; fileRef = 500B6123283A52C6003F92EC /* KeyboardBuilderProtocols.swift */; };
		500B6126283A52F8003F92EC /* KeyboardBuilders.swift in Sources */ = {isa = PBXBuildFile; fileRef = 500B6125283A52F8003F92EC /* KeyboardBuilders.swift */; };
		500B6128283A53AF003F92EC /* KeyboardBuildDirector.swift in Sources */ = {isa = PBXBuildFile; fileRef = 500B6127283A53AF003F92EC /* KeyboardBuildDirector.swift */; };
		503F854527CA7CA1005927C6 /* KeyboardButton.swift in Sources */ = {isa = PBXBuildFile; fileRef = 503F854427CA7CA1005927C6 /* KeyboardButton.swift */; };
		5044511727C63D4800B502D5 /* AdaptiveForgroundColor.swift in Sources */ = {isa = PBXBuildFile; fileRef = 5044511627C63D4800B502D5 /* AdaptiveForgroundColor.swift */; };
		5044511927C6411900B502D5 /* AppColors.swift in Sources */ = {isa = PBXBuildFile; fileRef = 5044511827C6411900B502D5 /* AppColors.swift */; };
		5044511B27C643DF00B502D5 /* BackgroundView.swift in Sources */ = {isa = PBXBuildFile; fileRef = 5044511A27C643DF00B502D5 /* BackgroundView.swift */; };
		5044511D27C6553A00B502D5 /* NumeralSystemViewModel.swift in Sources */ = {isa = PBXBuildFile; fileRef = 5044511C27C6553A00B502D5 /* NumeralSystemViewModel.swift */; };
		5044511F27C655BE00B502D5 /* NumberInputViewModel.swift in Sources */ = {isa = PBXBuildFile; fileRef = 5044511E27C655BE00B502D5 /* NumberInputViewModel.swift */; };
		5044512127C655F100B502D5 /* KeyboardViewModel.swift in Sources */ = {isa = PBXBuildFile; fileRef = 5044512027C655F100B502D5 /* KeyboardViewModel.swift */; };
		5055864D27BAF05A00457068 /* ConverterProApp.swift in Sources */ = {isa = PBXBuildFile; fileRef = 5055864C27BAF05A00457068 /* ConverterProApp.swift */; };
		5055864F27BAF05A00457068 /* RootView.swift in Sources */ = {isa = PBXBuildFile; fileRef = 5055864E27BAF05A00457068 /* RootView.swift */; };
		5055865127BAF05B00457068 /* Assets.xcassets in Resources */ = {isa = PBXBuildFile; fileRef = 5055865027BAF05B00457068 /* Assets.xcassets */; };
		5055865427BAF05B00457068 /* Preview Assets.xcassets in Resources */ = {isa = PBXBuildFile; fileRef = 5055865327BAF05B00457068 /* Preview Assets.xcassets */; };
		5067E5FA27DE8C4F00FA12E0 /* KeyboardLayoutModel.swift in Sources */ = {isa = PBXBuildFile; fileRef = 5067E5F927DE8C4F00FA12E0 /* KeyboardLayoutModel.swift */; };
		50C6418227C59BEC0041FB59 /* NumeralSystemsConverterView.swift in Sources */ = {isa = PBXBuildFile; fileRef = 50C6418127C59BEC0041FB59 /* NumeralSystemsConverterView.swift */; };
		50C6418427C59D200041FB59 /* ConverterView.swift in Sources */ = {isa = PBXBuildFile; fileRef = 50C6418327C59D200041FB59 /* ConverterView.swift */; };
		50C6418627C59E950041FB59 /* CalculatorView.swift in Sources */ = {isa = PBXBuildFile; fileRef = 50C6418527C59E950041FB59 /* CalculatorView.swift */; };
		50C6418827C5A4540041FB59 /* NumberInputView.swift in Sources */ = {isa = PBXBuildFile; fileRef = 50C6418727C5A4540041FB59 /* NumberInputView.swift */; };
		50C6418D27C5A8DF0041FB59 /* KeyboardView.swift in Sources */ = {isa = PBXBuildFile; fileRef = 50C6418C27C5A8DF0041FB59 /* KeyboardView.swift */; };
/* End PBXBuildFile section */

/* Begin PBXFileReference section */
		50021E7128316630007139BE /* KeyboardButtonViewModel.swift */ = {isa = PBXFileReference; lastKnownFileType = sourcecode.swift; path = KeyboardButtonViewModel.swift; sourceTree = "<group>"; };
		500B611E283A510B003F92EC /* KeyboardRowLayoutModel.swift */ = {isa = PBXFileReference; lastKnownFileType = sourcecode.swift; path = KeyboardRowLayoutModel.swift; sourceTree = "<group>"; };
		500B6121283A5216003F92EC /* Glyph.swift */ = {isa = PBXFileReference; lastKnownFileType = sourcecode.swift; path = Glyph.swift; sourceTree = "<group>"; };
		500B6123283A52C6003F92EC /* KeyboardBuilderProtocols.swift */ = {isa = PBXFileReference; lastKnownFileType = sourcecode.swift; path = KeyboardBuilderProtocols.swift; sourceTree = "<group>"; };
		500B6125283A52F8003F92EC /* KeyboardBuilders.swift */ = {isa = PBXFileReference; lastKnownFileType = sourcecode.swift; path = KeyboardBuilders.swift; sourceTree = "<group>"; };
		500B6127283A53AF003F92EC /* KeyboardBuildDirector.swift */ = {isa = PBXFileReference; lastKnownFileType = sourcecode.swift; path = KeyboardBuildDirector.swift; sourceTree = "<group>"; };
		503F854427CA7CA1005927C6 /* KeyboardButton.swift */ = {isa = PBXFileReference; lastKnownFileType = sourcecode.swift; path = KeyboardButton.swift; sourceTree = "<group>"; };
		5044511627C63D4800B502D5 /* AdaptiveForgroundColor.swift */ = {isa = PBXFileReference; lastKnownFileType = sourcecode.swift; path = AdaptiveForgroundColor.swift; sourceTree = "<group>"; };
		5044511827C6411900B502D5 /* AppColors.swift */ = {isa = PBXFileReference; lastKnownFileType = sourcecode.swift; path = AppColors.swift; sourceTree = "<group>"; };
		5044511A27C643DF00B502D5 /* BackgroundView.swift */ = {isa = PBXFileReference; lastKnownFileType = sourcecode.swift; path = BackgroundView.swift; sourceTree = "<group>"; };
		5044511C27C6553A00B502D5 /* NumeralSystemViewModel.swift */ = {isa = PBXFileReference; lastKnownFileType = sourcecode.swift; path = NumeralSystemViewModel.swift; sourceTree = "<group>"; };
		5044511E27C655BE00B502D5 /* NumberInputViewModel.swift */ = {isa = PBXFileReference; lastKnownFileType = sourcecode.swift; path = NumberInputViewModel.swift; sourceTree = "<group>"; };
		5044512027C655F100B502D5 /* KeyboardViewModel.swift */ = {isa = PBXFileReference; lastKnownFileType = sourcecode.swift; path = KeyboardViewModel.swift; sourceTree = "<group>"; };
		5055864927BAF05A00457068 /* ConverterPro.app */ = {isa = PBXFileReference; explicitFileType = wrapper.application; includeInIndex = 0; path = ConverterPro.app; sourceTree = BUILT_PRODUCTS_DIR; };
		5055864C27BAF05A00457068 /* ConverterProApp.swift */ = {isa = PBXFileReference; lastKnownFileType = sourcecode.swift; path = ConverterProApp.swift; sourceTree = "<group>"; };
		5055864E27BAF05A00457068 /* RootView.swift */ = {isa = PBXFileReference; lastKnownFileType = sourcecode.swift; path = RootView.swift; sourceTree = "<group>"; };
		5055865027BAF05B00457068 /* Assets.xcassets */ = {isa = PBXFileReference; lastKnownFileType = folder.assetcatalog; path = Assets.xcassets; sourceTree = "<group>"; };
		5055865327BAF05B00457068 /* Preview Assets.xcassets */ = {isa = PBXFileReference; lastKnownFileType = folder.assetcatalog; path = "Preview Assets.xcassets"; sourceTree = "<group>"; };
		5067E5F927DE8C4F00FA12E0 /* KeyboardLayoutModel.swift */ = {isa = PBXFileReference; lastKnownFileType = sourcecode.swift; path = KeyboardLayoutModel.swift; sourceTree = "<group>"; };
		50C6418127C59BEC0041FB59 /* NumeralSystemsConverterView.swift */ = {isa = PBXFileReference; lastKnownFileType = sourcecode.swift; path = NumeralSystemsConverterView.swift; sourceTree = "<group>"; };
		50C6418327C59D200041FB59 /* ConverterView.swift */ = {isa = PBXFileReference; lastKnownFileType = sourcecode.swift; path = ConverterView.swift; sourceTree = "<group>"; };
		50C6418527C59E950041FB59 /* CalculatorView.swift */ = {isa = PBXFileReference; lastKnownFileType = sourcecode.swift; path = CalculatorView.swift; sourceTree = "<group>"; };
		50C6418727C5A4540041FB59 /* NumberInputView.swift */ = {isa = PBXFileReference; lastKnownFileType = sourcecode.swift; path = NumberInputView.swift; sourceTree = "<group>"; };
		50C6418C27C5A8DF0041FB59 /* KeyboardView.swift */ = {isa = PBXFileReference; lastKnownFileType = sourcecode.swift; path = KeyboardView.swift; sourceTree = "<group>"; };
/* End PBXFileReference section */

/* Begin PBXFrameworksBuildPhase section */
		5055864627BAF05A00457068 /* Frameworks */ = {
			isa = PBXFrameworksBuildPhase;
			buildActionMask = 2147483647;
			files = (
			);
			runOnlyForDeploymentPostprocessing = 0;
		};
/* End PBXFrameworksBuildPhase section */

/* Begin PBXGroup section */
		500B611B283A4E4A003F92EC /* KeyboardButton */ = {
			isa = PBXGroup;
			children = (
				500B6121283A5216003F92EC /* Glyph.swift */,
				503F854427CA7CA1005927C6 /* KeyboardButton.swift */,
				50021E7128316630007139BE /* KeyboardButtonViewModel.swift */,
			);
			path = KeyboardButton;
			sourceTree = "<group>";
		};
		500B611C283A4E8B003F92EC /* KeyboardLayout */ = {
			isa = PBXGroup;
			children = (
				500B6120283A51CF003F92EC /* Builder */,
				500B611D283A50E2003F92EC /* KeyboardRowLayoutModel */,
				5067E5F927DE8C4F00FA12E0 /* KeyboardLayoutModel.swift */,
			);
			path = KeyboardLayout;
			sourceTree = "<group>";
		};
		500B611D283A50E2003F92EC /* KeyboardRowLayoutModel */ = {
			isa = PBXGroup;
			children = (
				500B611E283A510B003F92EC /* KeyboardRowLayoutModel.swift */,
			);
			path = KeyboardRowLayoutModel;
			sourceTree = "<group>";
		};
		500B6120283A51CF003F92EC /* Builder */ = {
			isa = PBXGroup;
			children = (
				500B6123283A52C6003F92EC /* KeyboardBuilderProtocols.swift */,
				500B6125283A52F8003F92EC /* KeyboardBuilders.swift */,
				500B6127283A53AF003F92EC /* KeyboardBuildDirector.swift */,
			);
			path = Builder;
			sourceTree = "<group>";
		};
		503F854227CA659A005927C6 /* NumderInputView */ = {
			isa = PBXGroup;
			children = (
				50C6418727C5A4540041FB59 /* NumberInputView.swift */,
				5044511E27C655BE00B502D5 /* NumberInputViewModel.swift */,
			);
			path = NumderInputView;
			sourceTree = "<group>";
		};
		503F854327CA65AE005927C6 /* Keyboard */ = {
			isa = PBXGroup;
			children = (
				500B611C283A4E8B003F92EC /* KeyboardLayout */,
				500B611B283A4E4A003F92EC /* KeyboardButton */,
				50C6418C27C5A8DF0041FB59 /* KeyboardView.swift */,
				5044512027C655F100B502D5 /* KeyboardViewModel.swift */,
			);
			path = Keyboard;
			sourceTree = "<group>";
		};
		5044511427C63CB100B502D5 /* Resources */ = {
			isa = PBXGroup;
			children = (
				5044511827C6411900B502D5 /* AppColors.swift */,
				5055865027BAF05B00457068 /* Assets.xcassets */,
			);
			path = Resources;
			sourceTree = "<group>";
		};
		5044511527C63D2000B502D5 /* Helpers & Extensions */ = {
			isa = PBXGroup;
			children = (
				5044511627C63D4800B502D5 /* AdaptiveForgroundColor.swift */,
			);
			path = "Helpers & Extensions";
			sourceTree = "<group>";
		};
		5055864027BAF05A00457068 = {
			isa = PBXGroup;
			children = (
				5055864B27BAF05A00457068 /* ConverterPro */,
				5055864A27BAF05A00457068 /* Products */,
			);
			sourceTree = "<group>";
		};
		5055864A27BAF05A00457068 /* Products */ = {
			isa = PBXGroup;
			children = (
				5055864927BAF05A00457068 /* ConverterPro.app */,
			);
			name = Products;
			sourceTree = "<group>";
		};
		5055864B27BAF05A00457068 /* ConverterPro */ = {
			isa = PBXGroup;
			children = (
				50C6418A27C5A4800041FB59 /* Root module */,
				50C6418927C5A45E0041FB59 /* Numeral system module */,
				50C6418B27C5A4960041FB59 /* Other in progress */,
				5044511527C63D2000B502D5 /* Helpers & Extensions */,
				5044511427C63CB100B502D5 /* Resources */,
				5055865227BAF05B00457068 /* Preview Content */,
			);
			path = ConverterPro;
			sourceTree = "<group>";
		};
		5055865227BAF05B00457068 /* Preview Content */ = {
			isa = PBXGroup;
			children = (
				5055865327BAF05B00457068 /* Preview Assets.xcassets */,
			);
			path = "Preview Content";
			sourceTree = "<group>";
		};
		50C6418927C5A45E0041FB59 /* Numeral system module */ = {
			isa = PBXGroup;
			children = (
				50C6418127C59BEC0041FB59 /* NumeralSystemsConverterView.swift */,
				5044511C27C6553A00B502D5 /* NumeralSystemViewModel.swift */,
				503F854227CA659A005927C6 /* NumderInputView */,
				503F854327CA65AE005927C6 /* Keyboard */,
			);
			path = "Numeral system module";
			sourceTree = "<group>";
		};
		50C6418A27C5A4800041FB59 /* Root module */ = {
			isa = PBXGroup;
			children = (
				5055864C27BAF05A00457068 /* ConverterProApp.swift */,
				5055864E27BAF05A00457068 /* RootView.swift */,
				5044511A27C643DF00B502D5 /* BackgroundView.swift */,
			);
			path = "Root module";
			sourceTree = "<group>";
		};
		50C6418B27C5A4960041FB59 /* Other in progress */ = {
			isa = PBXGroup;
			children = (
				50C6418327C59D200041FB59 /* ConverterView.swift */,
				50C6418527C59E950041FB59 /* CalculatorView.swift */,
			);
			path = "Other in progress";
			sourceTree = "<group>";
		};
/* End PBXGroup section */

/* Begin PBXNativeTarget section */
		5055864827BAF05A00457068 /* ConverterPro */ = {
			isa = PBXNativeTarget;
			buildConfigurationList = 5055865727BAF05B00457068 /* Build configuration list for PBXNativeTarget "ConverterPro" */;
			buildPhases = (
				5055864527BAF05A00457068 /* Sources */,
				5055864627BAF05A00457068 /* Frameworks */,
				5055864727BAF05A00457068 /* Resources */,
			);
			buildRules = (
			);
			dependencies = (
			);
			name = ConverterPro;
			productName = ConverterPro;
			productReference = 5055864927BAF05A00457068 /* ConverterPro.app */;
			productType = "com.apple.product-type.application";
		};
/* End PBXNativeTarget section */

/* Begin PBXProject section */
		5055864127BAF05A00457068 /* Project object */ = {
			isa = PBXProject;
			attributes = {
				BuildIndependentTargetsInParallel = 1;
				LastSwiftUpdateCheck = 1320;
				LastUpgradeCheck = 1320;
				TargetAttributes = {
					5055864827BAF05A00457068 = {
						CreatedOnToolsVersion = 13.2.1;
					};
				};
			};
			buildConfigurationList = 5055864427BAF05A00457068 /* Build configuration list for PBXProject "ConverterPro" */;
			compatibilityVersion = "Xcode 13.0";
			developmentRegion = en;
			hasScannedForEncodings = 0;
			knownRegions = (
				en,
				Base,
			);
			mainGroup = 5055864027BAF05A00457068;
			productRefGroup = 5055864A27BAF05A00457068 /* Products */;
			projectDirPath = "";
			projectRoot = "";
			targets = (
				5055864827BAF05A00457068 /* ConverterPro */,
			);
		};
/* End PBXProject section */

/* Begin PBXResourcesBuildPhase section */
		5055864727BAF05A00457068 /* Resources */ = {
			isa = PBXResourcesBuildPhase;
			buildActionMask = 2147483647;
			files = (
				5055865427BAF05B00457068 /* Preview Assets.xcassets in Resources */,
				5055865127BAF05B00457068 /* Assets.xcassets in Resources */,
			);
			runOnlyForDeploymentPostprocessing = 0;
		};
/* End PBXResourcesBuildPhase section */

/* Begin PBXSourcesBuildPhase section */
		5055864527BAF05A00457068 /* Sources */ = {
			isa = PBXSourcesBuildPhase;
			buildActionMask = 2147483647;
			files = (
				5044511B27C643DF00B502D5 /* BackgroundView.swift in Sources */,
				50021E7228316630007139BE /* KeyboardButtonViewModel.swift in Sources */,
				5067E5FA27DE8C4F00FA12E0 /* KeyboardLayoutModel.swift in Sources */,
				5044511927C6411900B502D5 /* AppColors.swift in Sources */,
				500B6122283A5216003F92EC /* Glyph.swift in Sources */,
				503F854527CA7CA1005927C6 /* KeyboardButton.swift in Sources */,
				5055864F27BAF05A00457068 /* RootView.swift in Sources */,
				500B6128283A53AF003F92EC /* KeyboardBuildDirector.swift in Sources */,
				50C6418627C59E950041FB59 /* CalculatorView.swift in Sources */,
				500B611F283A510B003F92EC /* KeyboardRowLayoutModel.swift in Sources */,
				500B6124283A52C6003F92EC /* KeyboardBuilderProtocols.swift in Sources */,
				5044511727C63D4800B502D5 /* AdaptiveForgroundColor.swift in Sources */,
				50C6418D27C5A8DF0041FB59 /* KeyboardView.swift in Sources */,
				500B6126283A52F8003F92EC /* KeyboardBuilders.swift in Sources */,
				50C6418427C59D200041FB59 /* ConverterView.swift in Sources */,
				5055864D27BAF05A00457068 /* ConverterProApp.swift in Sources */,
				5044512127C655F100B502D5 /* KeyboardViewModel.swift in Sources */,
				50C6418827C5A4540041FB59 /* NumberInputView.swift in Sources */,
				5044511D27C6553A00B502D5 /* NumeralSystemViewModel.swift in Sources */,
				5044511F27C655BE00B502D5 /* NumberInputViewModel.swift in Sources */,
				50C6418227C59BEC0041FB59 /* NumeralSystemsConverterView.swift in Sources */,
			);
			runOnlyForDeploymentPostprocessing = 0;
		};
/* End PBXSourcesBuildPhase section */

/* Begin XCBuildConfiguration section */
		5055865527BAF05B00457068 /* Debug */ = {
			isa = XCBuildConfiguration;
			buildSettings = {
				ALWAYS_SEARCH_USER_PATHS = NO;
				CLANG_ANALYZER_NONNULL = YES;
				CLANG_ANALYZER_NUMBER_OBJECT_CONVERSION = YES_AGGRESSIVE;
				CLANG_CXX_LANGUAGE_STANDARD = "gnu++17";
				CLANG_CXX_LIBRARY = "libc++";
				CLANG_ENABLE_MODULES = YES;
				CLANG_ENABLE_OBJC_ARC = YES;
				CLANG_ENABLE_OBJC_WEAK = YES;
				CLANG_WARN_BLOCK_CAPTURE_AUTORELEASING = YES;
				CLANG_WARN_BOOL_CONVERSION = YES;
				CLANG_WARN_COMMA = YES;
				CLANG_WARN_CONSTANT_CONVERSION = YES;
				CLANG_WARN_DEPRECATED_OBJC_IMPLEMENTATIONS = YES;
				CLANG_WARN_DIRECT_OBJC_ISA_USAGE = YES_ERROR;
				CLANG_WARN_DOCUMENTATION_COMMENTS = YES;
				CLANG_WARN_EMPTY_BODY = YES;
				CLANG_WARN_ENUM_CONVERSION = YES;
				CLANG_WARN_INFINITE_RECURSION = YES;
				CLANG_WARN_INT_CONVERSION = YES;
				CLANG_WARN_NON_LITERAL_NULL_CONVERSION = YES;
				CLANG_WARN_OBJC_IMPLICIT_RETAIN_SELF = YES;
				CLANG_WARN_OBJC_LITERAL_CONVERSION = YES;
				CLANG_WARN_OBJC_ROOT_CLASS = YES_ERROR;
				CLANG_WARN_QUOTED_INCLUDE_IN_FRAMEWORK_HEADER = YES;
				CLANG_WARN_RANGE_LOOP_ANALYSIS = YES;
				CLANG_WARN_STRICT_PROTOTYPES = YES;
				CLANG_WARN_SUSPICIOUS_MOVE = YES;
				CLANG_WARN_UNGUARDED_AVAILABILITY = YES_AGGRESSIVE;
				CLANG_WARN_UNREACHABLE_CODE = YES;
				CLANG_WARN__DUPLICATE_METHOD_MATCH = YES;
				COPY_PHASE_STRIP = NO;
				DEBUG_INFORMATION_FORMAT = dwarf;
				ENABLE_STRICT_OBJC_MSGSEND = YES;
				ENABLE_TESTABILITY = YES;
				GCC_C_LANGUAGE_STANDARD = gnu11;
				GCC_DYNAMIC_NO_PIC = NO;
				GCC_NO_COMMON_BLOCKS = YES;
				GCC_OPTIMIZATION_LEVEL = 0;
				GCC_PREPROCESSOR_DEFINITIONS = (
					"DEBUG=1",
					"$(inherited)",
				);
				GCC_WARN_64_TO_32_BIT_CONVERSION = YES;
				GCC_WARN_ABOUT_RETURN_TYPE = YES_ERROR;
				GCC_WARN_UNDECLARED_SELECTOR = YES;
				GCC_WARN_UNINITIALIZED_AUTOS = YES_AGGRESSIVE;
				GCC_WARN_UNUSED_FUNCTION = YES;
				GCC_WARN_UNUSED_VARIABLE = YES;
				IPHONEOS_DEPLOYMENT_TARGET = 15.0;
				MTL_ENABLE_DEBUG_INFO = INCLUDE_SOURCE;
				MTL_FAST_MATH = YES;
				ONLY_ACTIVE_ARCH = YES;
				SDKROOT = iphoneos;
				SWIFT_ACTIVE_COMPILATION_CONDITIONS = DEBUG;
				SWIFT_OPTIMIZATION_LEVEL = "-Onone";
			};
			name = Debug;
		};
		5055865627BAF05B00457068 /* Release */ = {
			isa = XCBuildConfiguration;
			buildSettings = {
				ALWAYS_SEARCH_USER_PATHS = NO;
				CLANG_ANALYZER_NONNULL = YES;
				CLANG_ANALYZER_NUMBER_OBJECT_CONVERSION = YES_AGGRESSIVE;
				CLANG_CXX_LANGUAGE_STANDARD = "gnu++17";
				CLANG_CXX_LIBRARY = "libc++";
				CLANG_ENABLE_MODULES = YES;
				CLANG_ENABLE_OBJC_ARC = YES;
				CLANG_ENABLE_OBJC_WEAK = YES;
				CLANG_WARN_BLOCK_CAPTURE_AUTORELEASING = YES;
				CLANG_WARN_BOOL_CONVERSION = YES;
				CLANG_WARN_COMMA = YES;
				CLANG_WARN_CONSTANT_CONVERSION = YES;
				CLANG_WARN_DEPRECATED_OBJC_IMPLEMENTATIONS = YES;
				CLANG_WARN_DIRECT_OBJC_ISA_USAGE = YES_ERROR;
				CLANG_WARN_DOCUMENTATION_COMMENTS = YES;
				CLANG_WARN_EMPTY_BODY = YES;
				CLANG_WARN_ENUM_CONVERSION = YES;
				CLANG_WARN_INFINITE_RECURSION = YES;
				CLANG_WARN_INT_CONVERSION = YES;
				CLANG_WARN_NON_LITERAL_NULL_CONVERSION = YES;
				CLANG_WARN_OBJC_IMPLICIT_RETAIN_SELF = YES;
				CLANG_WARN_OBJC_LITERAL_CONVERSION = YES;
				CLANG_WARN_OBJC_ROOT_CLASS = YES_ERROR;
				CLANG_WARN_QUOTED_INCLUDE_IN_FRAMEWORK_HEADER = YES;
				CLANG_WARN_RANGE_LOOP_ANALYSIS = YES;
				CLANG_WARN_STRICT_PROTOTYPES = YES;
				CLANG_WARN_SUSPICIOUS_MOVE = YES;
				CLANG_WARN_UNGUARDED_AVAILABILITY = YES_AGGRESSIVE;
				CLANG_WARN_UNREACHABLE_CODE = YES;
				CLANG_WARN__DUPLICATE_METHOD_MATCH = YES;
				COPY_PHASE_STRIP = NO;
				DEBUG_INFORMATION_FORMAT = "dwarf-with-dsym";
				ENABLE_NS_ASSERTIONS = NO;
				ENABLE_STRICT_OBJC_MSGSEND = YES;
				GCC_C_LANGUAGE_STANDARD = gnu11;
				GCC_NO_COMMON_BLOCKS = YES;
				GCC_WARN_64_TO_32_BIT_CONVERSION = YES;
				GCC_WARN_ABOUT_RETURN_TYPE = YES_ERROR;
				GCC_WARN_UNDECLARED_SELECTOR = YES;
				GCC_WARN_UNINITIALIZED_AUTOS = YES_AGGRESSIVE;
				GCC_WARN_UNUSED_FUNCTION = YES;
				GCC_WARN_UNUSED_VARIABLE = YES;
				IPHONEOS_DEPLOYMENT_TARGET = 15.0;
				MTL_ENABLE_DEBUG_INFO = NO;
				MTL_FAST_MATH = YES;
				SDKROOT = iphoneos;
				SWIFT_COMPILATION_MODE = wholemodule;
				SWIFT_OPTIMIZATION_LEVEL = "-O";
				VALIDATE_PRODUCT = YES;
			};
			name = Release;
		};
		5055865827BAF05B00457068 /* Debug */ = {
			isa = XCBuildConfiguration;
			buildSettings = {
				ASSETCATALOG_COMPILER_APPICON_NAME = AppIcon;
				ASSETCATALOG_COMPILER_GLOBAL_ACCENT_COLOR_NAME = AccentColor;
				CODE_SIGN_STYLE = Automatic;
				CURRENT_PROJECT_VERSION = 1;
				DEVELOPMENT_ASSET_PATHS = "\"ConverterPro/Preview Content\"";
				DEVELOPMENT_TEAM = S4VTW7X9U3;
				ENABLE_PREVIEWS = YES;
				GENERATE_INFOPLIST_FILE = YES;
				INFOPLIST_KEY_UIApplicationSceneManifest_Generation = YES;
				INFOPLIST_KEY_UIApplicationSupportsIndirectInputEvents = YES;
				INFOPLIST_KEY_UILaunchScreen_Generation = YES;
				INFOPLIST_KEY_UISupportedInterfaceOrientations_iPad = "UIInterfaceOrientationPortrait UIInterfaceOrientationPortraitUpsideDown UIInterfaceOrientationLandscapeLeft UIInterfaceOrientationLandscapeRight";
				INFOPLIST_KEY_UISupportedInterfaceOrientations_iPhone = "UIInterfaceOrientationPortrait UIInterfaceOrientationLandscapeLeft UIInterfaceOrientationLandscapeRight";
				IPHONEOS_DEPLOYMENT_TARGET = 15.0;
				LD_RUNPATH_SEARCH_PATHS = (
					"$(inherited)",
					"@executable_path/Frameworks",
				);
				MARKETING_VERSION = 1.0;
				PRODUCT_BUNDLE_IDENTIFIER = com.EgorNikitin.ConverterPro;
				PRODUCT_NAME = "$(TARGET_NAME)";
				SWIFT_EMIT_LOC_STRINGS = YES;
				SWIFT_VERSION = 5.0;
				TARGETED_DEVICE_FAMILY = "1,2";
			};
			name = Debug;
		};
		5055865927BAF05B00457068 /* Release */ = {
			isa = XCBuildConfiguration;
			buildSettings = {
				ASSETCATALOG_COMPILER_APPICON_NAME = AppIcon;
				ASSETCATALOG_COMPILER_GLOBAL_ACCENT_COLOR_NAME = AccentColor;
				CODE_SIGN_STYLE = Automatic;
				CURRENT_PROJECT_VERSION = 1;
				DEVELOPMENT_ASSET_PATHS = "\"ConverterPro/Preview Content\"";
				DEVELOPMENT_TEAM = S4VTW7X9U3;
				ENABLE_PREVIEWS = YES;
				GENERATE_INFOPLIST_FILE = YES;
				INFOPLIST_KEY_UIApplicationSceneManifest_Generation = YES;
				INFOPLIST_KEY_UIApplicationSupportsIndirectInputEvents = YES;
				INFOPLIST_KEY_UILaunchScreen_Generation = YES;
				INFOPLIST_KEY_UISupportedInterfaceOrientations_iPad = "UIInterfaceOrientationPortrait UIInterfaceOrientationPortraitUpsideDown UIInterfaceOrientationLandscapeLeft UIInterfaceOrientationLandscapeRight";
				INFOPLIST_KEY_UISupportedInterfaceOrientations_iPhone = "UIInterfaceOrientationPortrait UIInterfaceOrientationLandscapeLeft UIInterfaceOrientationLandscapeRight";
				IPHONEOS_DEPLOYMENT_TARGET = 15.0;
				LD_RUNPATH_SEARCH_PATHS = (
					"$(inherited)",
					"@executable_path/Frameworks",
				);
				MARKETING_VERSION = 1.0;
				PRODUCT_BUNDLE_IDENTIFIER = com.EgorNikitin.ConverterPro;
				PRODUCT_NAME = "$(TARGET_NAME)";
				SWIFT_EMIT_LOC_STRINGS = YES;
				SWIFT_VERSION = 5.0;
				TARGETED_DEVICE_FAMILY = "1,2";
			};
			name = Release;
		};
/* End XCBuildConfiguration section */

/* Begin XCConfigurationList section */
		5055864427BAF05A00457068 /* Build configuration list for PBXProject "ConverterPro" */ = {
			isa = XCConfigurationList;
			buildConfigurations = (
				5055865527BAF05B00457068 /* Debug */,
				5055865627BAF05B00457068 /* Release */,
			);
			defaultConfigurationIsVisible = 0;
			defaultConfigurationName = Release;
		};
		5055865727BAF05B00457068 /* Build configuration list for PBXNativeTarget "ConverterPro" */ = {
			isa = XCConfigurationList;
			buildConfigurations = (
				5055865827BAF05B00457068 /* Debug */,
				5055865927BAF05B00457068 /* Release */,
			);
			defaultConfigurationIsVisible = 0;
			defaultConfigurationName = Release;
		};
/* End XCConfigurationList section */
	};
	rootObject = 5055864127BAF05A00457068 /* Project object */;
}
